
Microsoft Visual Studio Solution File, Format Version 12.00
# Visual Studio Version 17
VisualStudioVersion = 17.7.34221.43
MinimumVisualStudioVersion = 10.0.40219.1
Project("{FAE04EC0-301F-11D3-BF4B-00C04F79EFBC}") = "A", "A\A.csproj", "{7ED74B1A-1307-4F0E-AD92-69D3F8CC1F02}"
EndProject
Project("{2150E333-8FDC-42A3-9474-1A3956D46DE8}") = "솔루션 항목", "솔루션 항목", "{AF82D3EF-59D9-4D8A-9DCD-C9C8BB0E534E}"
	ProjectSection(SolutionItems) = preProject
		Class1.cs = Class1.cs
	EndProjectSection
EndProject
Global
	GlobalSection(SolutionConfigurationPlatforms) = preSolution
		Debug|Any CPU = Debug|Any CPU
		Release|Any CPU = Release|Any CPU
	EndGlobalSection
	GlobalSection(ProjectConfigurationPlatforms) = postSolution
		{7ED74B1A-1307-4F0E-AD92-69D3F8CC1F02}.Debug|Any CPU.ActiveCfg = Debug|Any CPU
		{7ED74B1A-1307-4F0E-AD92-69D3F8CC1F02}.Debug|Any CPU.Build.0 = Debug|Any CPU
		{7ED74B1A-1307-4F0E-AD92-69D3F8CC1F02}.Release|Any CPU.ActiveCfg = Release|Any CPU
		{7ED74B1A-1307-4F0E-AD92-69D3F8CC1F02}.Release|Any CPU.Build.0 = Release|Any CPU
	EndGlobalSection
	GlobalSection(SolutionProperties) = preSolution
		HideSolutionNode = FALSE
	EndGlobalSection
	GlobalSection(ExtensibilityGlobals) = postSolution
		SolutionGuid = {75D08AE1-BAB4-44C5-AEE6-90E06D413811}
	EndGlobalSection
EndGlobal
